
Microsoft Visual Studio Solution File, Format Version 12.00
# Visual Studio Version 17
VisualStudioVersion = 17.7.34031.279
MinimumVisualStudioVersion = 10.0.40219.1
Project("{8BC9CEB8-8B4A-11D0-8D11-00A0C91BC942}") = "2023-10-29_Task07_HW02_template_print_container", "2023-10-29_Task07_HW02_template_print_container.vcxproj", "{D7C09B06-A7BA-496B-A9CF-8EBD28F67E3B}"
EndProject
Global
	GlobalSection(SolutionConfigurationPlatforms) = preSolution
		Debug|x64 = Debug|x64
		Debug|x86 = Debug|x86
		Release|x64 = Release|x64
		Release|x86 = Release|x86
	EndGlobalSection
	GlobalSection(ProjectConfigurationPlatforms) = postSolution
		{D7C09B06-A7BA-496B-A9CF-8EBD28F67E3B}.Debug|x64.ActiveCfg = Debug|x64
		{D7C09B06-A7BA-496B-A9CF-8EBD28F67E3B}.Debug|x64.Build.0 = Debug|x64
		{D7C09B06-A7BA-496B-A9CF-8EBD28F67E3B}.Debug|x86.ActiveCfg = Debug|Win32
		{D7C09B06-A7BA-496B-A9CF-8EBD28F67E3B}.Debug|x86.Build.0 = Debug|Win32
		{D7C09B06-A7BA-496B-A9CF-8EBD28F67E3B}.Release|x64.ActiveCfg = Release|x64
		{D7C09B06-A7BA-496B-A9CF-8EBD28F67E3B}.Release|x64.Build.0 = Release|x64
		{D7C09B06-A7BA-496B-A9CF-8EBD28F67E3B}.Release|x86.ActiveCfg = Release|Win32
		{D7C09B06-A7BA-496B-A9CF-8EBD28F67E3B}.Release|x86.Build.0 = Release|Win32
	EndGlobalSection
	GlobalSection(SolutionProperties) = preSolution
		HideSolutionNode = FALSE
	EndGlobalSection
	GlobalSection(ExtensibilityGlobals) = postSolution
		SolutionGuid = {81E98E33-80C7-42D2-AE32-A450C67A839C}
	EndGlobalSection
EndGlobal
